
Microsoft Visual Studio Solution File, Format Version 12.00
# Visual Studio 15
VisualStudioVersion = 15.0.27703.2026
MinimumVisualStudioVersion = 10.0.40219.1
Project("{8BC9CEB8-8B4A-11D0-8D11-00A0C91BC942}") = "ResharperPresentatie", "ResharperPresentatie\ResharperPresentatie.vcxproj", "{2A1AC7BD-8E23-4F5F-BD8F-1EB71C285CAA}"
EndProject
Global
	GlobalSection(SolutionConfigurationPlatforms) = preSolution
		Debug|x64 = Debug|x64
		Debug|x86 = Debug|x86
		Release|x64 = Release|x64
		Release|x86 = Release|x86
	EndGlobalSection
	GlobalSection(ProjectConfigurationPlatforms) = postSolution
		{2A1AC7BD-8E23-4F5F-BD8F-1EB71C285CAA}.Debug|x64.ActiveCfg = Debug|x64
		{2A1AC7BD-8E23-4F5F-BD8F-1EB71C285CAA}.Debug|x64.Build.0 = Debug|x64
		{2A1AC7BD-8E23-4F5F-BD8F-1EB71C285CAA}.Debug|x86.ActiveCfg = Debug|Win32
		{2A1AC7BD-8E23-4F5F-BD8F-1EB71C285CAA}.Debug|x86.Build.0 = Debug|Win32
		{2A1AC7BD-8E23-4F5F-BD8F-1EB71C285CAA}.Release|x64.ActiveCfg = Release|x64
		{2A1AC7BD-8E23-4F5F-BD8F-1EB71C285CAA}.Release|x64.Build.0 = Release|x64
		{2A1AC7BD-8E23-4F5F-BD8F-1EB71C285CAA}.Release|x86.ActiveCfg = Release|Win32
		{2A1AC7BD-8E23-4F5F-BD8F-1EB71C285CAA}.Release|x86.Build.0 = Release|Win32
	EndGlobalSection
	GlobalSection(SolutionProperties) = preSolution
		HideSolutionNode = FALSE
	EndGlobalSection
	GlobalSection(ExtensibilityGlobals) = postSolution
		SolutionGuid = {CB496B0E-2F7A-4AFD-AD2C-28C07D2C2BBA}
	EndGlobalSection
EndGlobal
